github.com/gofrs/uuid/v5 v5.3.0 h1:m0mUMr+oVYUdxpMLgSYCZiXe7PuVPnI94+OMeVBNedk=
github.com/gofrs/uuid/v5 v5.3.0/go.mod h1:CDOjlDMVAtN56jqyRUZh58JT31Tiw7/oQyEXZV+9bD8=
github.com/google/uuid v1.6.0 h1:NIvaJDMOsjHA8n1jAhLSgzrAzy1Hgr+hNrb57e+94F0=
github.com/google/uuid v1.6.0/go.mod h1:TIyPZe4MgqvfeYDBFedMoGGpEw/LqOeaOT+nhxU+yHo=
